
Microsoft Visual Studio Solution File, Format Version 12.00
# Visual Studio Version 16
VisualStudioVersion = 16.0.30320.27
MinimumVisualStudioVersion = 10.0.40219.1
Project("{FAE04EC0-301F-11D3-BF4B-00C04F79EFBC}") = "TryHostInGit", "TryHostInGit\TryHostInGit.csproj", "{9639215F-8E23-4A49-BC7D-E84A05D27373}"
EndProject
Global
	GlobalSection(SolutionConfigurationPlatforms) = preSolution
		Debug|Any CPU = Debug|Any CPU
		Release|Any CPU = Release|Any CPU
	EndGlobalSection
	GlobalSection(ProjectConfigurationPlatforms) = postSolution
		{9639215F-8E23-4A49-BC7D-E84A05D27373}.Debug|Any CPU.ActiveCfg = Debug|Any CPU
		{9639215F-8E23-4A49-BC7D-E84A05D27373}.Debug|Any CPU.Build.0 = Debug|Any CPU
		{9639215F-8E23-4A49-BC7D-E84A05D27373}.Release|Any CPU.ActiveCfg = Release|Any CPU
		{9639215F-8E23-4A49-BC7D-E84A05D27373}.Release|Any CPU.Build.0 = Release|Any CPU
	EndGlobalSection
	GlobalSection(SolutionProperties) = preSolution
		HideSolutionNode = FALSE
	EndGlobalSection
	GlobalSection(ExtensibilityGlobals) = postSolution
		SolutionGuid = {A2FE3919-A60A-4005-AC97-560733A81953}
	EndGlobalSection
EndGlobal
